{
  "version": "4",
  "specifiers": {
    "jsr:@deno/graph@0.87": "0.87.0",
    "jsr:@std/fs@^1.0.9": "1.0.9",
    "jsr:@std/path@^1.0.8": "1.0.8"
  },
  "jsr": {
    "@deno/graph@0.87.0": {
      "integrity": "8df9a2c5fde4c6d529dedab46110e4ad4b1f0cd88e0724d877c26f758a60bb6c"
    },
    "@std/fs@1.0.9": {
      "integrity": "3eef7e3ed3d317b29432c7dcb3b20122820dbc574263f721cb0248ad91bad890",
      "dependencies": [
        "jsr:@std/path"
      ]
    },
    "@std/path@1.0.8": {
      "integrity": "548fa456bb6a04d3c1a1e7477986b6cffbce95102d0bb447c67c4ee70e0364be"
    }
  },
  "workspace": {
    "dependencies": [
      "jsr:@deno/graph@0.87",
      "jsr:@std/fs@^1.0.9",
      "jsr:@std/path@^1.0.8"
    ]
  }
}
